// !$*UTF8*$!
{
	archiveVersion = 1;
	classes = {
	};
	objectVersion = 56;
	objects = {

/* Begin PBXBuildFile section */
		040562A4295D22FD0020CA48 /* AppDelegate.swift in Sources */ = {isa = PBXBuildFile; fileRef = 040562A3295D22FD0020CA48 /* AppDelegate.swift */; };
		040562A6295D22FD0020CA48 /* SceneDelegate.swift in Sources */ = {isa = PBXBuildFile; fileRef = 040562A5295D22FD0020CA48 /* SceneDelegate.swift */; };
		040562A8295D22FD0020CA48 /* ViewController.swift in Sources */ = {isa = PBXBuildFile; fileRef = 040562A7295D22FD0020CA48 /* ViewController.swift */; };
		040562AB295D22FD0020CA48 /* Main.storyboard in Resources */ = {isa = PBXBuildFile; fileRef = 040562A9295D22FD0020CA48 /* Main.storyboard */; };
		040562AD295D22FE0020CA48 /* Assets.xcassets in Resources */ = {isa = PBXBuildFile; fileRef = 040562AC295D22FE0020CA48 /* Assets.xcassets */; };
		040562B0295D22FE0020CA48 /* LaunchScreen.storyboard in Resources */ = {isa = PBXBuildFile; fileRef = 040562AE295D22FE0020CA48 /* LaunchScreen.storyboard */; };
		040562B9295D231A0020CA48 /* FirstViewController.swift in Sources */ = {isa = PBXBuildFile; fileRef = 040562B8295D231A0020CA48 /* FirstViewController.swift */; };
		040562BB295D23340020CA48 /* TableViewCell.swift in Sources */ = {isa = PBXBuildFile; fileRef = 040562BA295D23340020CA48 /* TableViewCell.swift */; };
		040562BD295D308D0020CA48 /* SecondTableViewCell.swift in Sources */ = {isa = PBXBuildFile; fileRef = 040562BC295D308D0020CA48 /* SecondTableViewCell.swift */; };
		04969FFF295F2C6F0060D06E /* Header.swift in Sources */ = {isa = PBXBuildFile; fileRef = 04969FFE295F2C6F0060D06E /* Header.swift */; };
		0496A002295F38B00060D06E /* Botanity.ttf in Resources */ = {isa = PBXBuildFile; fileRef = 0496A001295F388E0060D06E /* Botanity.ttf */; };
/* End PBXBuildFile section */

/* Begin PBXFileReference section */
		040562A0295D22FD0020CA48 /* Dars 12.29Cel.app */ = {isa = PBXFileReference; explicitFileType = wrapper.application; includeInIndex = 0; path = "Dars 12.29Cel.app"; sourceTree = BUILT_PRODUCTS_DIR; };
		040562A3295D22FD0020CA48 /* AppDelegate.swift */ = {isa = PBXFileReference; lastKnownFileType = sourcecode.swift; path = AppDelegate.swift; sourceTree = "<group>"; };
		040562A5295D22FD0020CA48 /* SceneDelegate.swift */ = {isa = PBXFileReference; lastKnownFileType = sourcecode.swift; path = SceneDelegate.swift; sourceTree = "<group>"; };
		040562A7295D22FD0020CA48 /* ViewController.swift */ = {isa = PBXFileReference; lastKnownFileType = sourcecode.swift; path = ViewController.swift; sourceTree = "<group>"; };
		040562AA295D22FD0020CA48 /* Base */ = {isa = PBXFileReference; lastKnownFileType = file.storyboard; name = Base; path = Base.lproj/Main.storyboard; sourceTree = "<group>"; };
		040562AC295D22FE0020CA48 /* Assets.xcassets */ = {isa = PBXFileReference; lastKnownFileType = folder.assetcatalog; path = Assets.xcassets; sourceTree = "<group>"; };
		040562AF295D22FE0020CA48 /* Base */ = {isa = PBXFileReference; lastKnownFileType = file.storyboard; name = Base; path = Base.lproj/LaunchScreen.storyboard; sourceTree = "<group>"; };
		040562B1295D22FE0020CA48 /* Info.plist */ = {isa = PBXFileReference; lastKnownFileType = text.plist.xml; path = Info.plist; sourceTree = "<group>"; };
		040562B8295D231A0020CA48 /* FirstViewController.swift */ = {isa = PBXFileReference; lastKnownFileType = sourcecode.swift; path = FirstViewController.swift; sourceTree = "<group>"; };
		040562BA295D23340020CA48 /* TableViewCell.swift */ = {isa = PBXFileReference; lastKnownFileType = sourcecode.swift; path = TableViewCell.swift; sourceTree = "<group>"; };
		040562BC295D308D0020CA48 /* SecondTableViewCell.swift */ = {isa = PBXFileReference; lastKnownFileType = sourcecode.swift; path = SecondTableViewCell.swift; sourceTree = "<group>"; };
		04969FFE295F2C6F0060D06E /* Header.swift */ = {isa = PBXFileReference; lastKnownFileType = sourcecode.swift; path = Header.swift; sourceTree = "<group>"; };
		0496A001295F388E0060D06E /* Botanity.ttf */ = {isa = PBXFileReference; lastKnownFileType = file; name = Botanity.ttf; path = ../../../../../../../../Downloads/Botanity.ttf; sourceTree = "<group>"; };
/* End PBXFileReference section */

/* Begin PBXFrameworksBuildPhase section */
		0405629D295D22FD0020CA48 /* Frameworks */ = {
			isa = PBXFrameworksBuildPhase;
			buildActionMask = 2147483647;
			files = (
			);
			runOnlyForDeploymentPostprocessing = 0;
		};
/* End PBXFrameworksBuildPhase section */

/* Begin PBXGroup section */
		04056297295D22FD0020CA48 = {
			isa = PBXGroup;
			children = (
				040562A2295D22FD0020CA48 /* Dars 12.29Cel */,
				040562A1295D22FD0020CA48 /* Products */,
			);
			sourceTree = "<group>";
		};
		040562A1295D22FD0020CA48 /* Products */ = {
			isa = PBXGroup;
			children = (
				040562A0295D22FD0020CA48 /* Dars 12.29Cel.app */,
			);
			name = Products;
			sourceTree = "<group>";
		};
		040562A2295D22FD0020CA48 /* Dars 12.29Cel */ = {
			isa = PBXGroup;
			children = (
				0496A000295F37E60060D06E /* utiles */,
				040562B7295D23030020CA48 /* code */,
				040562B1295D22FE0020CA48 /* Info.plist */,
			);
			path = "Dars 12.29Cel";
			sourceTree = "<group>";
		};
		040562B7295D23030020CA48 /* code */ = {
			isa = PBXGroup;
			children = (
				040562B8295D231A0020CA48 /* FirstViewController.swift */,
				04969FFE295F2C6F0060D06E /* Header.swift */,
				040562BC295D308D0020CA48 /* SecondTableViewCell.swift */,
				040562BA295D23340020CA48 /* TableViewCell.swift */,
			);
			path = code;
			sourceTree = "<group>";
		};
		0496A000295F37E60060D06E /* utiles */ = {
			isa = PBXGroup;
			children = (
				0496A001295F388E0060D06E /* Botanity.ttf */,
				040562A3295D22FD0020CA48 /* AppDelegate.swift */,
				040562A5295D22FD0020CA48 /* SceneDelegate.swift */,
				040562A7295D22FD0020CA48 /* ViewController.swift */,
				040562A9295D22FD0020CA48 /* Main.storyboard */,
				040562AC295D22FE0020CA48 /* Assets.xcassets */,
				040562AE295D22FE0020CA48 /* LaunchScreen.storyboard */,
			);
			path = utiles;
			sourceTree = "<group>";
		};
/* End PBXGroup section */

/* Begin PBXNativeTarget section */
		0405629F295D22FD0020CA48 /* Dars 12.29Cel */ = {
			isa = PBXNativeTarget;
			buildConfigurationList = 040562B4295D22FE0020CA48 /* Build configuration list for PBXNativeTarget "Dars 12.29Cel" */;
			buildPhases = (
				0405629C295D22FD0020CA48 /* Sources */,
				0405629D295D22FD0020CA48 /* Frameworks */,
				0405629E295D22FD0020CA48 /* Resources */,
			);
			buildRules = (
			);
			dependencies = (
			);
			name = "Dars 12.29Cel";
			productName = "Dars 12.29Cel";
			productReference = 040562A0295D22FD0020CA48 /* Dars 12.29Cel.app */;
			productType = "com.apple.product-type.application";
		};
/* End PBXNativeTarget section */

/* Begin PBXProject section */
		04056298295D22FD0020CA48 /* Project object */ = {
			isa = PBXProject;
			attributes = {
				BuildIndependentTargetsInParallel = 1;
				LastSwiftUpdateCheck = 1410;
				LastUpgradeCheck = 1410;
				TargetAttributes = {
					0405629F295D22FD0020CA48 = {
						CreatedOnToolsVersion = 14.1;
					};
				};
			};
			buildConfigurationList = 0405629B295D22FD0020CA48 /* Build configuration list for PBXProject "Dars 12.29Cel" */;
			compatibilityVersion = "Xcode 14.0";
			developmentRegion = en;
			hasScannedForEncodings = 0;
			knownRegions = (
				en,
				Base,
			);
			mainGroup = 04056297295D22FD0020CA48;
			productRefGroup = 040562A1295D22FD0020CA48 /* Products */;
			projectDirPath = "";
			projectRoot = "";
			targets = (
				0405629F295D22FD0020CA48 /* Dars 12.29Cel */,
			);
		};
/* End PBXProject section */

/* Begin PBXResourcesBuildPhase section */
		0405629E295D22FD0020CA48 /* Resources */ = {
			isa = PBXResourcesBuildPhase;
			buildActionMask = 2147483647;
			files = (
				040562B0295D22FE0020CA48 /* LaunchScreen.storyboard in Resources */,
				040562AD295D22FE0020CA48 /* Assets.xcassets in Resources */,
				0496A002295F38B00060D06E /* Botanity.ttf in Resources */,
				040562AB295D22FD0020CA48 /* Main.storyboard in Resources */,
			);
			runOnlyForDeploymentPostprocessing = 0;
		};
/* End PBXResourcesBuildPhase section */

/* Begin PBXSourcesBuildPhase section */
		0405629C295D22FD0020CA48 /* Sources */ = {
			isa = PBXSourcesBuildPhase;
			buildActionMask = 2147483647;
			files = (
				040562BB295D23340020CA48 /* TableViewCell.swift in Sources */,
				040562A8295D22FD0020CA48 /* ViewController.swift in Sources */,
				040562A4295D22FD0020CA48 /* AppDelegate.swift in Sources */,
				04969FFF295F2C6F0060D06E /* Header.swift in Sources */,
				040562A6295D22FD0020CA48 /* SceneDelegate.swift in Sources */,
				040562B9295D231A0020CA48 /* FirstViewController.swift in Sources */,
				040562BD295D308D0020CA48 /* SecondTableViewCell.swift in Sources */,
			);
			runOnlyForDeploymentPostprocessing = 0;
		};
/* End PBXSourcesBuildPhase section */

/* Begin PBXVariantGroup section */
		040562A9295D22FD0020CA48 /* Main.storyboard */ = {
			isa = PBXVariantGroup;
			children = (
				040562AA295D22FD0020CA48 /* Base */,
			);
			name = Main.storyboard;
			sourceTree = "<group>";
		};
		040562AE295D22FE0020CA48 /* LaunchScreen.storyboard */ = {
			isa = PBXVariantGroup;
			children = (
				040562AF295D22FE0020CA48 /* Base */,
			);
			name = LaunchScreen.storyboard;
			sourceTree = "<group>";
		};
/* End PBXVariantGroup section */

/* Begin XCBuildConfiguration section */
		040562B2295D22FE0020CA48 /* Debug */ = {
			isa = XCBuildConfiguration;
			buildSettings = {
				ALWAYS_SEARCH_USER_PATHS = NO;
				CLANG_ANALYZER_NONNULL = YES;
				CLANG_ANALYZER_NUMBER_OBJECT_CONVERSION = YES_AGGRESSIVE;
				CLANG_CXX_LANGUAGE_STANDARD = "gnu++20";
				CLANG_ENABLE_MODULES = YES;
				CLANG_ENABLE_OBJC_ARC = YES;
				CLANG_ENABLE_OBJC_WEAK = YES;
				CLANG_WARN_BLOCK_CAPTURE_AUTORELEASING = YES;
				CLANG_WARN_BOOL_CONVERSION = YES;
				CLANG_WARN_COMMA = YES;
				CLANG_WARN_CONSTANT_CONVERSION = YES;
				CLANG_WARN_DEPRECATED_OBJC_IMPLEMENTATIONS = YES;
				CLANG_WARN_DIRECT_OBJC_ISA_USAGE = YES_ERROR;
				CLANG_WARN_DOCUMENTATION_COMMENTS = YES;
				CLANG_WARN_EMPTY_BODY = YES;
				CLANG_WARN_ENUM_CONVERSION = YES;
				CLANG_WARN_INFINITE_RECURSION = YES;
				CLANG_WARN_INT_CONVERSION = YES;
				CLANG_WARN_NON_LITERAL_NULL_CONVERSION = YES;
				CLANG_WARN_OBJC_IMPLICIT_RETAIN_SELF = YES;
				CLANG_WARN_OBJC_LITERAL_CONVERSION = YES;
				CLANG_WARN_OBJC_ROOT_CLASS = YES_ERROR;
				CLANG_WARN_QUOTED_INCLUDE_IN_FRAMEWORK_HEADER = YES;
				CLANG_WARN_RANGE_LOOP_ANALYSIS = YES;
				CLANG_WARN_STRICT_PROTOTYPES = YES;
				CLANG_WARN_SUSPICIOUS_MOVE = YES;
				CLANG_WARN_UNGUARDED_AVAILABILITY = YES_AGGRESSIVE;
				CLANG_WARN_UNREACHABLE_CODE = YES;
				CLANG_WARN__DUPLICATE_METHOD_MATCH = YES;
				COPY_PHASE_STRIP = NO;
				DEBUG_INFORMATION_FORMAT = dwarf;
				ENABLE_STRICT_OBJC_MSGSEND = YES;
				ENABLE_TESTABILITY = YES;
				GCC_C_LANGUAGE_STANDARD = gnu11;
				GCC_DYNAMIC_NO_PIC = NO;
				GCC_NO_COMMON_BLOCKS = YES;
				GCC_OPTIMIZATION_LEVEL = 0;
				GCC_PREPROCESSOR_DEFINITIONS = (
					"DEBUG=1",
					"$(inherited)",
				);
				GCC_WARN_64_TO_32_BIT_CONVERSION = YES;
				GCC_WARN_ABOUT_RETURN_TYPE = YES_ERROR;
				GCC_WARN_UNDECLARED_SELECTOR = YES;
				GCC_WARN_UNINITIALIZED_AUTOS = YES_AGGRESSIVE;
				GCC_WARN_UNUSED_FUNCTION = YES;
				GCC_WARN_UNUSED_VARIABLE = YES;
				IPHONEOS_DEPLOYMENT_TARGET = 16.1;
				MTL_ENABLE_DEBUG_INFO = INCLUDE_SOURCE;
				MTL_FAST_MATH = YES;
				ONLY_ACTIVE_ARCH = YES;
				SDKROOT = iphoneos;
				SWIFT_ACTIVE_COMPILATION_CONDITIONS = DEBUG;
				SWIFT_OPTIMIZATION_LEVEL = "-Onone";
			};
			name = Debug;
		};
		040562B3295D22FE0020CA48 /* Release */ = {
			isa = XCBuildConfiguration;
			buildSettings = {
				ALWAYS_SEARCH_USER_PATHS = NO;
				CLANG_ANALYZER_NONNULL = YES;
				CLANG_ANALYZER_NUMBER_OBJECT_CONVERSION = YES_AGGRESSIVE;
				CLANG_CXX_LANGUAGE_STANDARD = "gnu++20";
				CLANG_ENABLE_MODULES = YES;
				CLANG_ENABLE_OBJC_ARC = YES;
				CLANG_ENABLE_OBJC_WEAK = YES;
				CLANG_WARN_BLOCK_CAPTURE_AUTORELEASING = YES;
				CLANG_WARN_BOOL_CONVERSION = YES;
				CLANG_WARN_COMMA = YES;
				CLANG_WARN_CONSTANT_CONVERSION = YES;
				CLANG_WARN_DEPRECATED_OBJC_IMPLEMENTATIONS = YES;
				CLANG_WARN_DIRECT_OBJC_ISA_USAGE = YES_ERROR;
				CLANG_WARN_DOCUMENTATION_COMMENTS = YES;
				CLANG_WARN_EMPTY_BODY = YES;
				CLANG_WARN_ENUM_CONVERSION = YES;
				CLANG_WARN_INFINITE_RECURSION = YES;
				CLANG_WARN_INT_CONVERSION = YES;
				CLANG_WARN_NON_LITERAL_NULL_CONVERSION = YES;
				CLANG_WARN_OBJC_IMPLICIT_RETAIN_SELF = YES;
				CLANG_WARN_OBJC_LITERAL_CONVERSION = YES;
				CLANG_WARN_OBJC_ROOT_CLASS = YES_ERROR;
				CLANG_WARN_QUOTED_INCLUDE_IN_FRAMEWORK_HEADER = YES;
				CLANG_WARN_RANGE_LOOP_ANALYSIS = YES;
				CLANG_WARN_STRICT_PROTOTYPES = YES;
				CLANG_WARN_SUSPICIOUS_MOVE = YES;
				CLANG_WARN_UNGUARDED_AVAILABILITY = YES_AGGRESSIVE;
				CLANG_WARN_UNREACHABLE_CODE = YES;
				CLANG_WARN__DUPLICATE_METHOD_MATCH = YES;
				COPY_PHASE_STRIP = NO;
				DEBUG_INFORMATION_FORMAT = "dwarf-with-dsym";
				ENABLE_NS_ASSERTIONS = NO;
				ENABLE_STRICT_OBJC_MSGSEND = YES;
				GCC_C_LANGUAGE_STANDARD = gnu11;
				GCC_NO_COMMON_BLOCKS = YES;
				GCC_WARN_64_TO_32_BIT_CONVERSION = YES;
				GCC_WARN_ABOUT_RETURN_TYPE = YES_ERROR;
				GCC_WARN_UNDECLARED_SELECTOR = YES;
				GCC_WARN_UNINITIALIZED_AUTOS = YES_AGGRESSIVE;
				GCC_WARN_UNUSED_FUNCTION = YES;
				GCC_WARN_UNUSED_VARIABLE = YES;
				IPHONEOS_DEPLOYMENT_TARGET = 16.1;
				MTL_ENABLE_DEBUG_INFO = NO;
				MTL_FAST_MATH = YES;
				SDKROOT = iphoneos;
				SWIFT_COMPILATION_MODE = wholemodule;
				SWIFT_OPTIMIZATION_LEVEL = "-O";
				VALIDATE_PRODUCT = YES;
			};
			name = Release;
		};
		040562B5295D22FE0020CA48 /* Debug */ = {
			isa = XCBuildConfiguration;
			buildSettings = {
				ASSETCATALOG_COMPILER_APPICON_NAME = AppIcon;
				ASSETCATALOG_COMPILER_GLOBAL_ACCENT_COLOR_NAME = AccentColor;
				CODE_SIGN_STYLE = Automatic;
				CURRENT_PROJECT_VERSION = 1;
				DEVELOPMENT_TEAM = 8D8Y4CXLPD;
				GENERATE_INFOPLIST_FILE = YES;
				INFOPLIST_FILE = "Dars 12.29Cel/Info.plist";
				INFOPLIST_KEY_UIApplicationSupportsIndirectInputEvents = YES;
				INFOPLIST_KEY_UILaunchStoryboardName = LaunchScreen;
				INFOPLIST_KEY_UIMainStoryboardFile = Main;
				INFOPLIST_KEY_UISupportedInterfaceOrientations_iPad = "UIInterfaceOrientationPortrait UIInterfaceOrientationPortraitUpsideDown UIInterfaceOrientationLandscapeLeft UIInterfaceOrientationLandscapeRight";
				INFOPLIST_KEY_UISupportedInterfaceOrientations_iPhone = "UIInterfaceOrientationPortrait UIInterfaceOrientationLandscapeLeft UIInterfaceOrientationLandscapeRight";
				LD_RUNPATH_SEARCH_PATHS = (
					"$(inherited)",
					"@executable_path/Frameworks",
				);
				MARKETING_VERSION = 1.0;
				PRODUCT_BUNDLE_IDENTIFIER = "Muminov.Dars-12-29Cel";
				PRODUCT_NAME = "$(TARGET_NAME)";
				SWIFT_EMIT_LOC_STRINGS = YES;
				SWIFT_VERSION = 5.0;
				TARGETED_DEVICE_FAMILY = "1,2";
			};
			name = Debug;
		};
		040562B6295D22FE0020CA48 /* Release */ = {
			isa = XCBuildConfiguration;
			buildSettings = {
				ASSETCATALOG_COMPILER_APPICON_NAME = AppIcon;
				ASSETCATALOG_COMPILER_GLOBAL_ACCENT_COLOR_NAME = AccentColor;
				CODE_SIGN_STYLE = Automatic;
				CURRENT_PROJECT_VERSION = 1;
				DEVELOPMENT_TEAM = 8D8Y4CXLPD;
				GENERATE_INFOPLIST_FILE = YES;
				INFOPLIST_FILE = "Dars 12.29Cel/Info.plist";
				INFOPLIST_KEY_UIApplicationSupportsIndirectInputEvents = YES;
				INFOPLIST_KEY_UILaunchStoryboardName = LaunchScreen;
				INFOPLIST_KEY_UIMainStoryboardFile = Main;
				INFOPLIST_KEY_UISupportedInterfaceOrientations_iPad = "UIInterfaceOrientationPortrait UIInterfaceOrientationPortraitUpsideDown UIInterfaceOrientationLandscapeLeft UIInterfaceOrientationLandscapeRight";
				INFOPLIST_KEY_UISupportedInterfaceOrientations_iPhone = "UIInterfaceOrientationPortrait UIInterfaceOrientationLandscapeLeft UIInterfaceOrientationLandscapeRight";
				LD_RUNPATH_SEARCH_PATHS = (
					"$(inherited)",
					"@executable_path/Frameworks",
				);
				MARKETING_VERSION = 1.0;
				PRODUCT_BUNDLE_IDENTIFIER = "Muminov.Dars-12-29Cel";
				PRODUCT_NAME = "$(TARGET_NAME)";
				SWIFT_EMIT_LOC_STRINGS = YES;
				SWIFT_VERSION = 5.0;
				TARGETED_DEVICE_FAMILY = "1,2";
			};
			name = Release;
		};
/* End XCBuildConfiguration section */

/* Begin XCConfigurationList section */
		0405629B295D22FD0020CA48 /* Build configuration list for PBXProject "Dars 12.29Cel" */ = {
			isa = XCConfigurationList;
			buildConfigurations = (
				040562B2295D22FE0020CA48 /* Debug */,
				040562B3295D22FE0020CA48 /* Release */,
			);
			defaultConfigurationIsVisible = 0;
			defaultConfigurationName = Release;
		};
		040562B4295D22FE0020CA48 /* Build configuration list for PBXNativeTarget "Dars 12.29Cel" */ = {
			isa = XCConfigurationList;
			buildConfigurations = (
				040562B5295D22FE0020CA48 /* Debug */,
				040562B6295D22FE0020CA48 /* Release */,
			);
			defaultConfigurationIsVisible = 0;
			defaultConfigurationName = Release;
		};
/* End XCConfigurationList section */
	};
	rootObject = 04056298295D22FD0020CA48 /* Project object */;
}
